
Microsoft Visual Studio Solution File, Format Version 12.00
Project("{FAE04EC0-301F-11D3-BF4B-00C04F79EFBC}") = "MikaDummyServer", "MikaDummyServer\MikaDummyServer.csproj", "{A1DE793A-1BBE-42AF-964E-E818D9A52145}"
EndProject
Project("{FAE04EC0-301F-11D3-BF4B-00C04F79EFBC}") = "MikaDummyClient", "MikaDummyClient\MikaDummyClient.csproj", "{4545F00C-3AB7-44BE-8344-3CD20F4B3DE2}"
EndProject
Project("{FAE04EC0-301F-11D3-BF4B-00C04F79EFBC}") = "MikaNetwork.Core", "MikaNetwork.Core\MikaNetwork.Core.csproj", "{C687F6A3-3889-4557-9F82-FF0D4D2148D5}"
EndProject
Project("{FAE04EC0-301F-11D3-BF4B-00C04F79EFBC}") = "MikaNetwork.Tests", "MikaNetwork.Tests\MikaNetwork.Tests.csproj", "{82F0C799-EBE7-45CA-85C1-9F189B4E726A}"
EndProject
Project("{FAE04EC0-301F-11D3-BF4B-00C04F79EFBC}") = "MikaProtocol", "MikaProtocol\MikaProtocol.csproj", "{6C5C67D1-588D-4227-B5DF-AFF50A7AF7C2}"
EndProject
Project("{FAE04EC0-301F-11D3-BF4B-00C04F79EFBC}") = "MikaUtils", "MikaUtils\MikaUtils.csproj", "{0D2D12D0-599F-4BA1-A957-07B36EE82E97}"
EndProject
Project("{FAE04EC0-301F-11D3-BF4B-00C04F79EFBC}") = "MikaSourceGen", "MikaSourceGen\MikaSourceGen\MikaSourceGen.csproj", "{4354CF96-7E50-43BD-9F6E-452DD15F7AF5}"
EndProject
Project("{FAE04EC0-301F-11D3-BF4B-00C04F79EFBC}") = "MikaNetwork.Client", "MikaNetwork.Client\MikaNetwork.Client.csproj", "{99D6043B-8738-478E-BF3A-A53C4683CB12}"
EndProject
Project("{FAE04EC0-301F-11D3-BF4B-00C04F79EFBC}") = "MikaNetwork.Server", "MikaNetwork.Server\MikaNetwork.Server.csproj", "{E268BBF0-DE91-4170-BB06-4E63CB142201}"
EndProject
Project("{FAE04EC0-301F-11D3-BF4B-00C04F79EFBC}") = "MikaNetwork.Unity", "MikaNetwork.Unity\MikaNetwork.Unity.csproj", "{A71139BA-7189-408D-920B-DBCEAA6FA944}"
EndProject
Project("{FAE04EC0-301F-11D3-BF4B-00C04F79EFBC}") = "MikaDummyServer.Test", "MikaDummyServer.Test\MikaDummyServer.Test.csproj", "{ED92932C-CC9A-483E-B77B-629675210757}"
EndProject
Global
	GlobalSection(SolutionConfigurationPlatforms) = preSolution
		Debug|Any CPU = Debug|Any CPU
		Release|Any CPU = Release|Any CPU
	EndGlobalSection
	GlobalSection(ProjectConfigurationPlatforms) = postSolution
		{A1DE793A-1BBE-42AF-964E-E818D9A52145}.Debug|Any CPU.ActiveCfg = Debug|Any CPU
		{A1DE793A-1BBE-42AF-964E-E818D9A52145}.Debug|Any CPU.Build.0 = Debug|Any CPU
		{A1DE793A-1BBE-42AF-964E-E818D9A52145}.Release|Any CPU.ActiveCfg = Release|Any CPU
		{A1DE793A-1BBE-42AF-964E-E818D9A52145}.Release|Any CPU.Build.0 = Release|Any CPU
		{4545F00C-3AB7-44BE-8344-3CD20F4B3DE2}.Debug|Any CPU.ActiveCfg = Debug|Any CPU
		{4545F00C-3AB7-44BE-8344-3CD20F4B3DE2}.Debug|Any CPU.Build.0 = Debug|Any CPU
		{4545F00C-3AB7-44BE-8344-3CD20F4B3DE2}.Release|Any CPU.ActiveCfg = Release|Any CPU
		{4545F00C-3AB7-44BE-8344-3CD20F4B3DE2}.Release|Any CPU.Build.0 = Release|Any CPU
		{C687F6A3-3889-4557-9F82-FF0D4D2148D5}.Debug|Any CPU.ActiveCfg = Debug|Any CPU
		{C687F6A3-3889-4557-9F82-FF0D4D2148D5}.Release|Any CPU.ActiveCfg = Release|Any CPU
		{C687F6A3-3889-4557-9F82-FF0D4D2148D5}.Release|Any CPU.Build.0 = Release|Any CPU
		{C687F6A3-3889-4557-9F82-FF0D4D2148D5}.Debug|Any CPU.Build.0 = Debug|Any CPU
		{82F0C799-EBE7-45CA-85C1-9F189B4E726A}.Debug|Any CPU.ActiveCfg = Debug|Any CPU
		{82F0C799-EBE7-45CA-85C1-9F189B4E726A}.Debug|Any CPU.Build.0 = Debug|Any CPU
		{82F0C799-EBE7-45CA-85C1-9F189B4E726A}.Release|Any CPU.ActiveCfg = Release|Any CPU
		{82F0C799-EBE7-45CA-85C1-9F189B4E726A}.Release|Any CPU.Build.0 = Release|Any CPU
		{6C5C67D1-588D-4227-B5DF-AFF50A7AF7C2}.Debug|Any CPU.ActiveCfg = Debug|Any CPU
		{6C5C67D1-588D-4227-B5DF-AFF50A7AF7C2}.Debug|Any CPU.Build.0 = Debug|Any CPU
		{6C5C67D1-588D-4227-B5DF-AFF50A7AF7C2}.Release|Any CPU.ActiveCfg = Release|Any CPU
		{6C5C67D1-588D-4227-B5DF-AFF50A7AF7C2}.Release|Any CPU.Build.0 = Release|Any CPU
		{0D2D12D0-599F-4BA1-A957-07B36EE82E97}.Debug|Any CPU.ActiveCfg = Debug|Any CPU
		{0D2D12D0-599F-4BA1-A957-07B36EE82E97}.Debug|Any CPU.Build.0 = Debug|Any CPU
		{0D2D12D0-599F-4BA1-A957-07B36EE82E97}.Release|Any CPU.ActiveCfg = Release|Any CPU
		{0D2D12D0-599F-4BA1-A957-07B36EE82E97}.Release|Any CPU.Build.0 = Release|Any CPU
		{4354CF96-7E50-43BD-9F6E-452DD15F7AF5}.Debug|Any CPU.ActiveCfg = Debug|Any CPU
		{4354CF96-7E50-43BD-9F6E-452DD15F7AF5}.Debug|Any CPU.Build.0 = Debug|Any CPU
		{4354CF96-7E50-43BD-9F6E-452DD15F7AF5}.Release|Any CPU.ActiveCfg = Release|Any CPU
		{4354CF96-7E50-43BD-9F6E-452DD15F7AF5}.Release|Any CPU.Build.0 = Release|Any CPU
		{99D6043B-8738-478E-BF3A-A53C4683CB12}.Debug|Any CPU.ActiveCfg = Debug|Any CPU
		{99D6043B-8738-478E-BF3A-A53C4683CB12}.Debug|Any CPU.Build.0 = Debug|Any CPU
		{99D6043B-8738-478E-BF3A-A53C4683CB12}.Release|Any CPU.ActiveCfg = Release|Any CPU
		{99D6043B-8738-478E-BF3A-A53C4683CB12}.Release|Any CPU.Build.0 = Release|Any CPU
		{E268BBF0-DE91-4170-BB06-4E63CB142201}.Debug|Any CPU.ActiveCfg = Debug|Any CPU
		{E268BBF0-DE91-4170-BB06-4E63CB142201}.Debug|Any CPU.Build.0 = Debug|Any CPU
		{E268BBF0-DE91-4170-BB06-4E63CB142201}.Release|Any CPU.ActiveCfg = Release|Any CPU
		{E268BBF0-DE91-4170-BB06-4E63CB142201}.Release|Any CPU.Build.0 = Release|Any CPU
		{A71139BA-7189-408D-920B-DBCEAA6FA944}.Debug|Any CPU.ActiveCfg = Debug|Any CPU
		{A71139BA-7189-408D-920B-DBCEAA6FA944}.Debug|Any CPU.Build.0 = Debug|Any CPU
		{A71139BA-7189-408D-920B-DBCEAA6FA944}.Release|Any CPU.ActiveCfg = Release|Any CPU
		{A71139BA-7189-408D-920B-DBCEAA6FA944}.Release|Any CPU.Build.0 = Release|Any CPU
		{ED92932C-CC9A-483E-B77B-629675210757}.Debug|Any CPU.ActiveCfg = Debug|Any CPU
		{ED92932C-CC9A-483E-B77B-629675210757}.Debug|Any CPU.Build.0 = Debug|Any CPU
		{ED92932C-CC9A-483E-B77B-629675210757}.Release|Any CPU.ActiveCfg = Release|Any CPU
		{ED92932C-CC9A-483E-B77B-629675210757}.Release|Any CPU.Build.0 = Release|Any CPU
	EndGlobalSection
EndGlobal
